
Microsoft Visual Studio Solution File, Format Version 12.00
# Visual Studio Version 16
VisualStudioVersion = 16.0.29920.165
MinimumVisualStudioVersion = 10.0.40219.1
Project("{FAE04EC0-301F-11D3-BF4B-00C04F79EFBC}") = "CoreServiceHost", "CoreServiceHost\CoreServiceHost.csproj", "{00E0E090-2CC3-4FF9-A59D-291236B3EA70}"
EndProject
Project("{FAE04EC0-301F-11D3-BF4B-00C04F79EFBC}") = "CoreService", "CoreService\CoreService.csproj", "{F1678523-E245-4F50-AB26-0A8ACAEBC826}"
EndProject
Global
	GlobalSection(SolutionConfigurationPlatforms) = preSolution
		Debug|Any CPU = Debug|Any CPU
		Release|Any CPU = Release|Any CPU
	EndGlobalSection
	GlobalSection(ProjectConfigurationPlatforms) = postSolution
		{00E0E090-2CC3-4FF9-A59D-291236B3EA70}.Debug|Any CPU.ActiveCfg = Debug|Any CPU
		{00E0E090-2CC3-4FF9-A59D-291236B3EA70}.Debug|Any CPU.Build.0 = Debug|Any CPU
		{00E0E090-2CC3-4FF9-A59D-291236B3EA70}.Release|Any CPU.ActiveCfg = Release|Any CPU
		{00E0E090-2CC3-4FF9-A59D-291236B3EA70}.Release|Any CPU.Build.0 = Release|Any CPU
		{F1678523-E245-4F50-AB26-0A8ACAEBC826}.Debug|Any CPU.ActiveCfg = Debug|Any CPU
		{F1678523-E245-4F50-AB26-0A8ACAEBC826}.Debug|Any CPU.Build.0 = Debug|Any CPU
		{F1678523-E245-4F50-AB26-0A8ACAEBC826}.Release|Any CPU.ActiveCfg = Release|Any CPU
		{F1678523-E245-4F50-AB26-0A8ACAEBC826}.Release|Any CPU.Build.0 = Release|Any CPU
	EndGlobalSection
	GlobalSection(SolutionProperties) = preSolution
		HideSolutionNode = FALSE
	EndGlobalSection
	GlobalSection(ExtensibilityGlobals) = postSolution
		SolutionGuid = {5D183C0B-369F-4793-8A15-7AF582BA6457}
	EndGlobalSection
EndGlobal
